
Microsoft Visual Studio Solution File, Format Version 12.00
# Visual Studio 15
VisualStudioVersion = 15.0.28010.2016
MinimumVisualStudioVersion = 10.0.40219.1
Project("{FAE04EC0-301F-11D3-BF4B-00C04F79EFBC}") = "TestAppTownHall", "TestAppTownHall\TestAppTownHall.csproj", "{834875FB-FBDB-4675-B1F2-463460ECA991}"
EndProject
Project("{FAE04EC0-301F-11D3-BF4B-00C04F79EFBC}") = "TownHallUnitTests", "TownHallUnitTests\TownHallUnitTests.csproj", "{679476C9-0B49-4093-8369-8021584A87FA}"
EndProject
Global
	GlobalSection(SolutionConfigurationPlatforms) = preSolution
		Debug|Any CPU = Debug|Any CPU
		Release|Any CPU = Release|Any CPU
	EndGlobalSection
	GlobalSection(ProjectConfigurationPlatforms) = postSolution
		{834875FB-FBDB-4675-B1F2-463460ECA991}.Debug|Any CPU.ActiveCfg = Debug|Any CPU
		{834875FB-FBDB-4675-B1F2-463460ECA991}.Debug|Any CPU.Build.0 = Debug|Any CPU
		{834875FB-FBDB-4675-B1F2-463460ECA991}.Release|Any CPU.ActiveCfg = Release|Any CPU
		{834875FB-FBDB-4675-B1F2-463460ECA991}.Release|Any CPU.Build.0 = Release|Any CPU
		{679476C9-0B49-4093-8369-8021584A87FA}.Debug|Any CPU.ActiveCfg = Debug|Any CPU
		{679476C9-0B49-4093-8369-8021584A87FA}.Debug|Any CPU.Build.0 = Debug|Any CPU
		{679476C9-0B49-4093-8369-8021584A87FA}.Release|Any CPU.ActiveCfg = Release|Any CPU
		{679476C9-0B49-4093-8369-8021584A87FA}.Release|Any CPU.Build.0 = Release|Any CPU
	EndGlobalSection
	GlobalSection(SolutionProperties) = preSolution
		HideSolutionNode = FALSE
	EndGlobalSection
	GlobalSection(ExtensibilityGlobals) = postSolution
		SolutionGuid = {1A873EFF-1E8C-4621-B676-642FBCB94705}
	EndGlobalSection
EndGlobal
